
Microsoft Visual Studio Solution File, Format Version 12.00
# Visual Studio 15
Project("{FAE04EC0-301F-11D3-BF4B-00C04F79EFBC}") = "在Scroll View的content添加相同内容", "在Scroll View的content添加相同内容.csproj", "{10D61B7D-BD24-6EA1-8C30-8FAE16995B1B}"
EndProject
Global
	GlobalSection(SolutionConfigurationPlatforms) = preSolution
		Debug|Any CPU = Debug|Any CPU
		Release|Any CPU = Release|Any CPU
	EndGlobalSection
	GlobalSection(ProjectConfigurationPlatforms) = postSolution
		{10D61B7D-BD24-6EA1-8C30-8FAE16995B1B}.Debug|Any CPU.ActiveCfg = Debug|Any CPU
		{10D61B7D-BD24-6EA1-8C30-8FAE16995B1B}.Debug|Any CPU.Build.0 = Debug|Any CPU
		{10D61B7D-BD24-6EA1-8C30-8FAE16995B1B}.Release|Any CPU.ActiveCfg = Release|Any CPU
		{10D61B7D-BD24-6EA1-8C30-8FAE16995B1B}.Release|Any CPU.Build.0 = Release|Any CPU
	EndGlobalSection
	GlobalSection(SolutionProperties) = preSolution
		HideSolutionNode = FALSE
	EndGlobalSection
EndGlobal
